// !$*UTF8*$!
{
	archiveVersion = 1;
	classes = {
	};
	objectVersion = 56;
	objects = {

/* Begin PBXBuildFile section */
		EF3187532A08AE49002B4235 /* SideMenuView.swift in Sources */ = {isa = PBXBuildFile; fileRef = EF3187522A08AE49002B4235 /* SideMenuView.swift */; };
		EF3187552A08AE63002B4235 /* SideMenuHeaderView.swift in Sources */ = {isa = PBXBuildFile; fileRef = EF3187542A08AE63002B4235 /* SideMenuHeaderView.swift */; };
		EF3187572A08AE7F002B4235 /* SideMenuOptionView.swift in Sources */ = {isa = PBXBuildFile; fileRef = EF3187562A08AE7F002B4235 /* SideMenuOptionView.swift */; };
		EF3187592A08AE9D002B4235 /* SideMenuViewModel.swift in Sources */ = {isa = PBXBuildFile; fileRef = EF3187582A08AE9D002B4235 /* SideMenuViewModel.swift */; };
		EFF3B32B29EFA8F200DD7561 /* Storyboard.storyboard in Resources */ = {isa = PBXBuildFile; fileRef = EFF3B32A29EFA8F200DD7561 /* Storyboard.storyboard */; };
		EFF3B32D29F1D0C900DD7561 /* BoulderingView.swift in Sources */ = {isa = PBXBuildFile; fileRef = EFF3B32C29F1D0C800DD7561 /* BoulderingView.swift */; };
		EFF3B32F29F1DAC500DD7561 /* WeightView.swift in Sources */ = {isa = PBXBuildFile; fileRef = EFF3B32E29F1DAC500DD7561 /* WeightView.swift */; };
		EFFA184C29ECA9AB00F9C51B /* Chalk_appApp.swift in Sources */ = {isa = PBXBuildFile; fileRef = EFFA184B29ECA9AB00F9C51B /* Chalk_appApp.swift */; };
		EFFA184E29ECA9AB00F9C51B /* ContentView.swift in Sources */ = {isa = PBXBuildFile; fileRef = EFFA184D29ECA9AB00F9C51B /* ContentView.swift */; };
		EFFA185029ECA9AB00F9C51B /* Assets.xcassets in Resources */ = {isa = PBXBuildFile; fileRef = EFFA184F29ECA9AB00F9C51B /* Assets.xcassets */; };
		EFFA185329ECA9AB00F9C51B /* Preview Assets.xcassets in Resources */ = {isa = PBXBuildFile; fileRef = EFFA185229ECA9AB00F9C51B /* Preview Assets.xcassets */; };
		EFFA185B29ECAC9000F9C51B /* Launch Screen.storyboard in Resources */ = {isa = PBXBuildFile; fileRef = EFFA185A29ECAC9000F9C51B /* Launch Screen.storyboard */; };
/* End PBXBuildFile section */

/* Begin PBXFileReference section */
		EF3187502A0895CC002B4235 /* Chalk-app-Info.plist */ = {isa = PBXFileReference; lastKnownFileType = text.plist; path = "Chalk-app-Info.plist"; sourceTree = SOURCE_ROOT; };
		EF3187522A08AE49002B4235 /* SideMenuView.swift */ = {isa = PBXFileReference; lastKnownFileType = sourcecode.swift; path = SideMenuView.swift; sourceTree = "<group>"; };
		EF3187542A08AE63002B4235 /* SideMenuHeaderView.swift */ = {isa = PBXFileReference; lastKnownFileType = sourcecode.swift; path = SideMenuHeaderView.swift; sourceTree = "<group>"; };
		EF3187562A08AE7F002B4235 /* SideMenuOptionView.swift */ = {isa = PBXFileReference; lastKnownFileType = sourcecode.swift; path = SideMenuOptionView.swift; sourceTree = "<group>"; };
		EF3187582A08AE9D002B4235 /* SideMenuViewModel.swift */ = {isa = PBXFileReference; lastKnownFileType = sourcecode.swift; path = SideMenuViewModel.swift; sourceTree = "<group>"; };
		EFF3B32A29EFA8F200DD7561 /* Storyboard.storyboard */ = {isa = PBXFileReference; lastKnownFileType = file.storyboard; path = Storyboard.storyboard; sourceTree = "<group>"; };
		EFF3B32C29F1D0C800DD7561 /* BoulderingView.swift */ = {isa = PBXFileReference; lastKnownFileType = sourcecode.swift; path = BoulderingView.swift; sourceTree = "<group>"; };
		EFF3B32E29F1DAC500DD7561 /* WeightView.swift */ = {isa = PBXFileReference; lastKnownFileType = sourcecode.swift; path = WeightView.swift; sourceTree = "<group>"; };
		EFFA184829ECA9AB00F9C51B /* Chalk_app.app */ = {isa = PBXFileReference; explicitFileType = wrapper.application; includeInIndex = 0; path = Chalk_app.app; sourceTree = BUILT_PRODUCTS_DIR; };
		EFFA184B29ECA9AB00F9C51B /* Chalk_appApp.swift */ = {isa = PBXFileReference; lastKnownFileType = sourcecode.swift; path = Chalk_appApp.swift; sourceTree = "<group>"; };
		EFFA184D29ECA9AB00F9C51B /* ContentView.swift */ = {isa = PBXFileReference; lastKnownFileType = sourcecode.swift; path = ContentView.swift; sourceTree = "<group>"; };
		EFFA184F29ECA9AB00F9C51B /* Assets.xcassets */ = {isa = PBXFileReference; lastKnownFileType = folder.assetcatalog; path = Assets.xcassets; sourceTree = "<group>"; };
		EFFA185229ECA9AB00F9C51B /* Preview Assets.xcassets */ = {isa = PBXFileReference; lastKnownFileType = folder.assetcatalog; path = "Preview Assets.xcassets"; sourceTree = "<group>"; };
		EFFA185A29ECAC9000F9C51B /* Launch Screen.storyboard */ = {isa = PBXFileReference; lastKnownFileType = file.storyboard; path = "Launch Screen.storyboard"; sourceTree = "<group>"; };
/* End PBXFileReference section */

/* Begin PBXFrameworksBuildPhase section */
		EFFA184529ECA9AB00F9C51B /* Frameworks */ = {
			isa = PBXFrameworksBuildPhase;
			buildActionMask = 2147483647;
			files = (
			);
			runOnlyForDeploymentPostprocessing = 0;
		};
/* End PBXFrameworksBuildPhase section */

/* Begin PBXGroup section */
		EF3187512A08AD86002B4235 /* Boudlering_Interface */ = {
			isa = PBXGroup;
			children = (
				EFF3B32C29F1D0C800DD7561 /* BoulderingView.swift */,
				EF3187522A08AE49002B4235 /* SideMenuView.swift */,
				EF3187542A08AE63002B4235 /* SideMenuHeaderView.swift */,
				EF3187562A08AE7F002B4235 /* SideMenuOptionView.swift */,
				EF3187582A08AE9D002B4235 /* SideMenuViewModel.swift */,
			);
			path = Boudlering_Interface;
			sourceTree = "<group>";
		};
		EFFA183F29ECA9AB00F9C51B = {
			isa = PBXGroup;
			children = (
				EFFA184A29ECA9AB00F9C51B /* Chalk_app */,
				EFFA184929ECA9AB00F9C51B /* Products */,
			);
			sourceTree = "<group>";
		};
		EFFA184929ECA9AB00F9C51B /* Products */ = {
			isa = PBXGroup;
			children = (
				EFFA184829ECA9AB00F9C51B /* Chalk_app.app */,
			);
			name = Products;
			sourceTree = "<group>";
		};
		EFFA184A29ECA9AB00F9C51B /* Chalk_app */ = {
			isa = PBXGroup;
			children = (
				EF3187512A08AD86002B4235 /* Boudlering_Interface */,
				EF3187502A0895CC002B4235 /* Chalk-app-Info.plist */,
				EFF3B32A29EFA8F200DD7561 /* Storyboard.storyboard */,
				EFFA184B29ECA9AB00F9C51B /* Chalk_appApp.swift */,
				EFFA184D29ECA9AB00F9C51B /* ContentView.swift */,
				EFF3B32E29F1DAC500DD7561 /* WeightView.swift */,
				EFFA184F29ECA9AB00F9C51B /* Assets.xcassets */,
				EFFA185129ECA9AB00F9C51B /* Preview Content */,
				EFFA185A29ECAC9000F9C51B /* Launch Screen.storyboard */,
			);
			path = Chalk_app;
			sourceTree = "<group>";
		};
		EFFA185129ECA9AB00F9C51B /* Preview Content */ = {
			isa = PBXGroup;
			children = (
				EFFA185229ECA9AB00F9C51B /* Preview Assets.xcassets */,
			);
			path = "Preview Content";
			sourceTree = "<group>";
		};
/* End PBXGroup section */

/* Begin PBXNativeTarget section */
		EFFA184729ECA9AB00F9C51B /* Chalk_app */ = {
			isa = PBXNativeTarget;
			buildConfigurationList = EFFA185629ECA9AB00F9C51B /* Build configuration list for PBXNativeTarget "Chalk_app" */;
			buildPhases = (
				EFFA184429ECA9AB00F9C51B /* Sources */,
				EFFA184529ECA9AB00F9C51B /* Frameworks */,
				EFFA184629ECA9AB00F9C51B /* Resources */,
			);
			buildRules = (
			);
			dependencies = (
			);
			name = Chalk_app;
			productName = Chalk_app;
			productReference = EFFA184829ECA9AB00F9C51B /* Chalk_app.app */;
			productType = "com.apple.product-type.application";
		};
/* End PBXNativeTarget section */

/* Begin PBXProject section */
		EFFA184029ECA9AB00F9C51B /* Project object */ = {
			isa = PBXProject;
			attributes = {
				BuildIndependentTargetsInParallel = 1;
				LastSwiftUpdateCheck = 1430;
				LastUpgradeCheck = 1430;
				TargetAttributes = {
					EFFA184729ECA9AB00F9C51B = {
						CreatedOnToolsVersion = 14.3;
					};
				};
			};
			buildConfigurationList = EFFA184329ECA9AB00F9C51B /* Build configuration list for PBXProject "Chalk_app" */;
			compatibilityVersion = "Xcode 14.0";
			developmentRegion = en;
			hasScannedForEncodings = 0;
			knownRegions = (
				en,
				Base,
			);
			mainGroup = EFFA183F29ECA9AB00F9C51B;
			productRefGroup = EFFA184929ECA9AB00F9C51B /* Products */;
			projectDirPath = "";
			projectRoot = "";
			targets = (
				EFFA184729ECA9AB00F9C51B /* Chalk_app */,
			);
		};
/* End PBXProject section */

/* Begin PBXResourcesBuildPhase section */
		EFFA184629ECA9AB00F9C51B /* Resources */ = {
			isa = PBXResourcesBuildPhase;
			buildActionMask = 2147483647;
			files = (
				EFFA185B29ECAC9000F9C51B /* Launch Screen.storyboard in Resources */,
				EFF3B32B29EFA8F200DD7561 /* Storyboard.storyboard in Resources */,
				EFFA185329ECA9AB00F9C51B /* Preview Assets.xcassets in Resources */,
				EFFA185029ECA9AB00F9C51B /* Assets.xcassets in Resources */,
			);
			runOnlyForDeploymentPostprocessing = 0;
		};
/* End PBXResourcesBuildPhase section */

/* Begin PBXSourcesBuildPhase section */
		EFFA184429ECA9AB00F9C51B /* Sources */ = {
			isa = PBXSourcesBuildPhase;
			buildActionMask = 2147483647;
			files = (
				EF3187592A08AE9D002B4235 /* SideMenuViewModel.swift in Sources */,
				EF3187572A08AE7F002B4235 /* SideMenuOptionView.swift in Sources */,
				EFFA184E29ECA9AB00F9C51B /* ContentView.swift in Sources */,
				EFFA184C29ECA9AB00F9C51B /* Chalk_appApp.swift in Sources */,
				EF3187532A08AE49002B4235 /* SideMenuView.swift in Sources */,
				EF3187552A08AE63002B4235 /* SideMenuHeaderView.swift in Sources */,
				EFF3B32F29F1DAC500DD7561 /* WeightView.swift in Sources */,
				EFF3B32D29F1D0C900DD7561 /* BoulderingView.swift in Sources */,
			);
			runOnlyForDeploymentPostprocessing = 0;
		};
/* End PBXSourcesBuildPhase section */

/* Begin XCBuildConfiguration section */
		EFFA185429ECA9AB00F9C51B /* Debug */ = {
			isa = XCBuildConfiguration;
			buildSettings = {
				ALWAYS_SEARCH_USER_PATHS = NO;
				CLANG_ANALYZER_NONNULL = YES;
				CLANG_ANALYZER_NUMBER_OBJECT_CONVERSION = YES_AGGRESSIVE;
				CLANG_CXX_LANGUAGE_STANDARD = "gnu++20";
				CLANG_ENABLE_MODULES = YES;
				CLANG_ENABLE_OBJC_ARC = YES;
				CLANG_ENABLE_OBJC_WEAK = YES;
				CLANG_WARN_BLOCK_CAPTURE_AUTORELEASING = YES;
				CLANG_WARN_BOOL_CONVERSION = YES;
				CLANG_WARN_COMMA = YES;
				CLANG_WARN_CONSTANT_CONVERSION = YES;
				CLANG_WARN_DEPRECATED_OBJC_IMPLEMENTATIONS = YES;
				CLANG_WARN_DIRECT_OBJC_ISA_USAGE = YES_ERROR;
				CLANG_WARN_DOCUMENTATION_COMMENTS = YES;
				CLANG_WARN_EMPTY_BODY = YES;
				CLANG_WARN_ENUM_CONVERSION = YES;
				CLANG_WARN_INFINITE_RECURSION = YES;
				CLANG_WARN_INT_CONVERSION = YES;
				CLANG_WARN_NON_LITERAL_NULL_CONVERSION = YES;
				CLANG_WARN_OBJC_IMPLICIT_RETAIN_SELF = YES;
				CLANG_WARN_OBJC_LITERAL_CONVERSION = YES;
				CLANG_WARN_OBJC_ROOT_CLASS = YES_ERROR;
				CLANG_WARN_QUOTED_INCLUDE_IN_FRAMEWORK_HEADER = YES;
				CLANG_WARN_RANGE_LOOP_ANALYSIS = YES;
				CLANG_WARN_STRICT_PROTOTYPES = YES;
				CLANG_WARN_SUSPICIOUS_MOVE = YES;
				CLANG_WARN_UNGUARDED_AVAILABILITY = YES_AGGRESSIVE;
				CLANG_WARN_UNREACHABLE_CODE = YES;
				CLANG_WARN__DUPLICATE_METHOD_MATCH = YES;
				COPY_PHASE_STRIP = NO;
				DEBUG_INFORMATION_FORMAT = dwarf;
				ENABLE_STRICT_OBJC_MSGSEND = YES;
				ENABLE_TESTABILITY = YES;
				GCC_C_LANGUAGE_STANDARD = gnu11;
				GCC_DYNAMIC_NO_PIC = NO;
				GCC_NO_COMMON_BLOCKS = YES;
				GCC_OPTIMIZATION_LEVEL = 0;
				GCC_PREPROCESSOR_DEFINITIONS = (
					"DEBUG=1",
					"$(inherited)",
				);
				GCC_WARN_64_TO_32_BIT_CONVERSION = YES;
				GCC_WARN_ABOUT_RETURN_TYPE = YES_ERROR;
				GCC_WARN_UNDECLARED_SELECTOR = YES;
				GCC_WARN_UNINITIALIZED_AUTOS = YES_AGGRESSIVE;
				GCC_WARN_UNUSED_FUNCTION = YES;
				GCC_WARN_UNUSED_VARIABLE = YES;
				IPHONEOS_DEPLOYMENT_TARGET = 16.4;
				MTL_ENABLE_DEBUG_INFO = INCLUDE_SOURCE;
				MTL_FAST_MATH = YES;
				ONLY_ACTIVE_ARCH = YES;
				SDKROOT = iphoneos;
				SWIFT_ACTIVE_COMPILATION_CONDITIONS = DEBUG;
				SWIFT_OPTIMIZATION_LEVEL = "-Onone";
			};
			name = Debug;
		};
		EFFA185529ECA9AB00F9C51B /* Release */ = {
			isa = XCBuildConfiguration;
			buildSettings = {
				ALWAYS_SEARCH_USER_PATHS = NO;
				CLANG_ANALYZER_NONNULL = YES;
				CLANG_ANALYZER_NUMBER_OBJECT_CONVERSION = YES_AGGRESSIVE;
				CLANG_CXX_LANGUAGE_STANDARD = "gnu++20";
				CLANG_ENABLE_MODULES = YES;
				CLANG_ENABLE_OBJC_ARC = YES;
				CLANG_ENABLE_OBJC_WEAK = YES;
				CLANG_WARN_BLOCK_CAPTURE_AUTORELEASING = YES;
				CLANG_WARN_BOOL_CONVERSION = YES;
				CLANG_WARN_COMMA = YES;
				CLANG_WARN_CONSTANT_CONVERSION = YES;
				CLANG_WARN_DEPRECATED_OBJC_IMPLEMENTATIONS = YES;
				CLANG_WARN_DIRECT_OBJC_ISA_USAGE = YES_ERROR;
				CLANG_WARN_DOCUMENTATION_COMMENTS = YES;
				CLANG_WARN_EMPTY_BODY = YES;
				CLANG_WARN_ENUM_CONVERSION = YES;
				CLANG_WARN_INFINITE_RECURSION = YES;
				CLANG_WARN_INT_CONVERSION = YES;
				CLANG_WARN_NON_LITERAL_NULL_CONVERSION = YES;
				CLANG_WARN_OBJC_IMPLICIT_RETAIN_SELF = YES;
				CLANG_WARN_OBJC_LITERAL_CONVERSION = YES;
				CLANG_WARN_OBJC_ROOT_CLASS = YES_ERROR;
				CLANG_WARN_QUOTED_INCLUDE_IN_FRAMEWORK_HEADER = YES;
				CLANG_WARN_RANGE_LOOP_ANALYSIS = YES;
				CLANG_WARN_STRICT_PROTOTYPES = YES;
				CLANG_WARN_SUSPICIOUS_MOVE = YES;
				CLANG_WARN_UNGUARDED_AVAILABILITY = YES_AGGRESSIVE;
				CLANG_WARN_UNREACHABLE_CODE = YES;
				CLANG_WARN__DUPLICATE_METHOD_MATCH = YES;
				COPY_PHASE_STRIP = NO;
				DEBUG_INFORMATION_FORMAT = "dwarf-with-dsym";
				ENABLE_NS_ASSERTIONS = NO;
				ENABLE_STRICT_OBJC_MSGSEND = YES;
				GCC_C_LANGUAGE_STANDARD = gnu11;
				GCC_NO_COMMON_BLOCKS = YES;
				GCC_WARN_64_TO_32_BIT_CONVERSION = YES;
				GCC_WARN_ABOUT_RETURN_TYPE = YES_ERROR;
				GCC_WARN_UNDECLARED_SELECTOR = YES;
				GCC_WARN_UNINITIALIZED_AUTOS = YES_AGGRESSIVE;
				GCC_WARN_UNUSED_FUNCTION = YES;
				GCC_WARN_UNUSED_VARIABLE = YES;
				IPHONEOS_DEPLOYMENT_TARGET = 16.4;
				MTL_ENABLE_DEBUG_INFO = NO;
				MTL_FAST_MATH = YES;
				SDKROOT = iphoneos;
				SWIFT_COMPILATION_MODE = wholemodule;
				SWIFT_OPTIMIZATION_LEVEL = "-O";
				VALIDATE_PRODUCT = YES;
			};
			name = Release;
		};
		EFFA185729ECA9AB00F9C51B /* Debug */ = {
			isa = XCBuildConfiguration;
			buildSettings = {
				ASSETCATALOG_COMPILER_APPICON_NAME = AppIcon;
				ASSETCATALOG_COMPILER_GLOBAL_ACCENT_COLOR_NAME = AccentColor;
				CODE_SIGN_STYLE = Automatic;
				CURRENT_PROJECT_VERSION = 1;
				DEVELOPMENT_ASSET_PATHS = "\"Chalk_app/Preview Content\"";
				DEVELOPMENT_TEAM = 824BCPBNRV;
				ENABLE_PREVIEWS = YES;
				GENERATE_INFOPLIST_FILE = YES;
				INFOPLIST_FILE = "Chalk-app-Info.plist";
				INFOPLIST_KEY_UIApplicationSceneManifest_Generation = YES;
				INFOPLIST_KEY_UIApplicationSupportsIndirectInputEvents = YES;
				INFOPLIST_KEY_UISupportedInterfaceOrientations_iPad = "UIInterfaceOrientationPortrait UIInterfaceOrientationPortraitUpsideDown UIInterfaceOrientationLandscapeLeft UIInterfaceOrientationLandscapeRight";
				INFOPLIST_KEY_UISupportedInterfaceOrientations_iPhone = "UIInterfaceOrientationPortrait UIInterfaceOrientationLandscapeLeft UIInterfaceOrientationLandscapeRight";
				LD_RUNPATH_SEARCH_PATHS = (
					"$(inherited)",
					"@executable_path/Frameworks",
				);
				MARKETING_VERSION = 1.0;
				PRODUCT_BUNDLE_IDENTIFIER = "Freddy-Lopez.Chalk-app";
				PRODUCT_NAME = "$(TARGET_NAME)";
				SWIFT_EMIT_LOC_STRINGS = YES;
				SWIFT_VERSION = 5.0;
				TARGETED_DEVICE_FAMILY = "1,2";
			};
			name = Debug;
		};
		EFFA185829ECA9AB00F9C51B /* Release */ = {
			isa = XCBuildConfiguration;
			buildSettings = {
				ASSETCATALOG_COMPILER_APPICON_NAME = AppIcon;
				ASSETCATALOG_COMPILER_GLOBAL_ACCENT_COLOR_NAME = AccentColor;
				CODE_SIGN_STYLE = Automatic;
				CURRENT_PROJECT_VERSION = 1;
				DEVELOPMENT_ASSET_PATHS = "\"Chalk_app/Preview Content\"";
				DEVELOPMENT_TEAM = 824BCPBNRV;
				ENABLE_PREVIEWS = YES;
				GENERATE_INFOPLIST_FILE = YES;
				INFOPLIST_FILE = "Chalk-app-Info.plist";
				INFOPLIST_KEY_UIApplicationSceneManifest_Generation = YES;
				INFOPLIST_KEY_UIApplicationSupportsIndirectInputEvents = YES;
				INFOPLIST_KEY_UISupportedInterfaceOrientations_iPad = "UIInterfaceOrientationPortrait UIInterfaceOrientationPortraitUpsideDown UIInterfaceOrientationLandscapeLeft UIInterfaceOrientationLandscapeRight";
				INFOPLIST_KEY_UISupportedInterfaceOrientations_iPhone = "UIInterfaceOrientationPortrait UIInterfaceOrientationLandscapeLeft UIInterfaceOrientationLandscapeRight";
				LD_RUNPATH_SEARCH_PATHS = (
					"$(inherited)",
					"@executable_path/Frameworks",
				);
				MARKETING_VERSION = 1.0;
				PRODUCT_BUNDLE_IDENTIFIER = "Freddy-Lopez.Chalk-app";
				PRODUCT_NAME = "$(TARGET_NAME)";
				SWIFT_EMIT_LOC_STRINGS = YES;
				SWIFT_VERSION = 5.0;
				TARGETED_DEVICE_FAMILY = "1,2";
			};
			name = Release;
		};
/* End XCBuildConfiguration section */

/* Begin XCConfigurationList section */
		EFFA184329ECA9AB00F9C51B /* Build configuration list for PBXProject "Chalk_app" */ = {
			isa = XCConfigurationList;
			buildConfigurations = (
				EFFA185429ECA9AB00F9C51B /* Debug */,
				EFFA185529ECA9AB00F9C51B /* Release */,
			);
			defaultConfigurationIsVisible = 0;
			defaultConfigurationName = Release;
		};
		EFFA185629ECA9AB00F9C51B /* Build configuration list for PBXNativeTarget "Chalk_app" */ = {
			isa = XCConfigurationList;
			buildConfigurations = (
				EFFA185729ECA9AB00F9C51B /* Debug */,
				EFFA185829ECA9AB00F9C51B /* Release */,
			);
			defaultConfigurationIsVisible = 0;
			defaultConfigurationName = Release;
		};
/* End XCConfigurationList section */
	};
	rootObject = EFFA184029ECA9AB00F9C51B /* Project object */;
}
